PODS:
  - AsyncSwift (2.0.1)
  - dvSection8 (1.0.0):
    - AsyncSwift
    - JSONCodable (~> 3.0.1)
    - SDWebImage (~> 4.0)
  - JSONCodable (3.0.1)
  - SDWebImage (4.1.0):
    - SDWebImage/Core (= 4.1.0)
  - SDWebImage/Core (4.1.0)

DEPENDENCIES:
  - dvSection8 (from `../`)

EXTERNAL SOURCES:
  dvSection8:
    :path: ../

SPEC CHECKSUMS:
  AsyncSwift: 632138e42ead868b53c745fcde9bf733ce1527ad
  dvSection8: 5806534ad88bb3ce769462c2e593aa11120dee05
  JSONCodable: bd8616ae881befe2b82fbbf56d98b2dd377ac662
  SDWebImage: 0e435c14e402a6730315a0fb79f95e68654d55a4

PODFILE CHECKSUM: 4d022f0af4d0cf1964e1b2f5056f30231623ed56

COCOAPODS: 1.2.1
